
Microsoft Visual Studio Solution File, Format Version 12.00
# Visual Studio Version 17
VisualStudioVersion = 17.6.33829.357
MinimumVisualStudioVersion = 10.0.40219.1
Project("{FAE04EC0-301F-11D3-BF4B-00C04F79EFBC}") = "PalindromeCheck.Android", "PalindromeCheck.Android\PalindromeCheck.Android.csproj", "{F52FFD43-24C2-49AF-956E-A48FC1FD13DD}"
EndProject
Project("{FAE04EC0-301F-11D3-BF4B-00C04F79EFBC}") = "PalindromeCheck.iOS", "PalindromeCheck.iOS\PalindromeCheck.iOS.csproj", "{9EF604D4-0759-4D3A-A03B-57455A603B28}"
EndProject
Project("{FAE04EC0-301F-11D3-BF4B-00C04F79EFBC}") = "PalindromeCheck", "PalindromeCheck\PalindromeCheck.csproj", "{F8FD0791-9694-49DF-B2DD-F3A483439B57}"
EndProject
Global
	GlobalSection(SolutionConfigurationPlatforms) = preSolution
		Debug|Any CPU = Debug|Any CPU
		Debug|iPhone = Debug|iPhone
		Debug|iPhoneSimulator = Debug|iPhoneSimulator
		Release|Any CPU = Release|Any CPU
		Release|iPhone = Release|iPhone
		Release|iPhoneSimulator = Release|iPhoneSimulator
	EndGlobalSection
	GlobalSection(ProjectConfigurationPlatforms) = postSolution
		{F52FFD43-24C2-49AF-956E-A48FC1FD13DD}.Debug|Any CPU.ActiveCfg = Debug|Any CPU
		{F52FFD43-24C2-49AF-956E-A48FC1FD13DD}.Debug|Any CPU.Build.0 = Debug|Any CPU
		{F52FFD43-24C2-49AF-956E-A48FC1FD13DD}.Debug|Any CPU.Deploy.0 = Debug|Any CPU
		{F52FFD43-24C2-49AF-956E-A48FC1FD13DD}.Debug|iPhone.ActiveCfg = Debug|Any CPU
		{F52FFD43-24C2-49AF-956E-A48FC1FD13DD}.Debug|iPhone.Build.0 = Debug|Any CPU
		{F52FFD43-24C2-49AF-956E-A48FC1FD13DD}.Debug|iPhone.Deploy.0 = Debug|Any CPU
		{F52FFD43-24C2-49AF-956E-A48FC1FD13DD}.Debug|iPhoneSimulator.ActiveCfg = Debug|Any CPU
		{F52FFD43-24C2-49AF-956E-A48FC1FD13DD}.Debug|iPhoneSimulator.Build.0 = Debug|Any CPU
		{F52FFD43-24C2-49AF-956E-A48FC1FD13DD}.Debug|iPhoneSimulator.Deploy.0 = Debug|Any CPU
		{F52FFD43-24C2-49AF-956E-A48FC1FD13DD}.Release|Any CPU.ActiveCfg = Release|Any CPU
		{F52FFD43-24C2-49AF-956E-A48FC1FD13DD}.Release|Any CPU.Build.0 = Release|Any CPU
		{F52FFD43-24C2-49AF-956E-A48FC1FD13DD}.Release|Any CPU.Deploy.0 = Release|Any CPU
		{F52FFD43-24C2-49AF-956E-A48FC1FD13DD}.Release|iPhone.ActiveCfg = Release|Any CPU
		{F52FFD43-24C2-49AF-956E-A48FC1FD13DD}.Release|iPhone.Build.0 = Release|Any CPU
		{F52FFD43-24C2-49AF-956E-A48FC1FD13DD}.Release|iPhone.Deploy.0 = Release|Any CPU
		{F52FFD43-24C2-49AF-956E-A48FC1FD13DD}.Release|iPhoneSimulator.ActiveCfg = Release|Any CPU
		{F52FFD43-24C2-49AF-956E-A48FC1FD13DD}.Release|iPhoneSimulator.Build.0 = Release|Any CPU
		{F52FFD43-24C2-49AF-956E-A48FC1FD13DD}.Release|iPhoneSimulator.Deploy.0 = Release|Any CPU
		{9EF604D4-0759-4D3A-A03B-57455A603B28}.Debug|Any CPU.ActiveCfg = Debug|iPhone
		{9EF604D4-0759-4D3A-A03B-57455A603B28}.Debug|Any CPU.Build.0 = Debug|iPhone
		{9EF604D4-0759-4D3A-A03B-57455A603B28}.Debug|Any CPU.Deploy.0 = Debug|iPhone
		{9EF604D4-0759-4D3A-A03B-57455A603B28}.Debug|iPhone.ActiveCfg = Debug|iPhone
		{9EF604D4-0759-4D3A-A03B-57455A603B28}.Debug|iPhone.Build.0 = Debug|iPhone
		{9EF604D4-0759-4D3A-A03B-57455A603B28}.Debug|iPhone.Deploy.0 = Debug|iPhone
		{9EF604D4-0759-4D3A-A03B-57455A603B28}.Debug|iPhoneSimulator.ActiveCfg = Debug|iPhoneSimulator
		{9EF604D4-0759-4D3A-A03B-57455A603B28}.Debug|iPhoneSimulator.Build.0 = Debug|iPhoneSimulator
		{9EF604D4-0759-4D3A-A03B-57455A603B28}.Debug|iPhoneSimulator.Deploy.0 = Debug|iPhoneSimulator
		{9EF604D4-0759-4D3A-A03B-57455A603B28}.Release|Any CPU.ActiveCfg = Release|iPhoneSimulator
		{9EF604D4-0759-4D3A-A03B-57455A603B28}.Release|Any CPU.Build.0 = Release|iPhoneSimulator
		{9EF604D4-0759-4D3A-A03B-57455A603B28}.Release|Any CPU.Deploy.0 = Release|iPhoneSimulator
		{9EF604D4-0759-4D3A-A03B-57455A603B28}.Release|iPhone.ActiveCfg = Release|iPhone
		{9EF604D4-0759-4D3A-A03B-57455A603B28}.Release|iPhone.Build.0 = Release|iPhone
		{9EF604D4-0759-4D3A-A03B-57455A603B28}.Release|iPhone.Deploy.0 = Release|iPhone
		{9EF604D4-0759-4D3A-A03B-57455A603B28}.Release|iPhoneSimulator.ActiveCfg = Release|iPhoneSimulator
		{9EF604D4-0759-4D3A-A03B-57455A603B28}.Release|iPhoneSimulator.Build.0 = Release|iPhoneSimulator
		{9EF604D4-0759-4D3A-A03B-57455A603B28}.Release|iPhoneSimulator.Deploy.0 = Release|iPhoneSimulator
		{F8FD0791-9694-49DF-B2DD-F3A483439B57}.Debug|Any CPU.ActiveCfg = Debug|Any CPU
		{F8FD0791-9694-49DF-B2DD-F3A483439B57}.Debug|Any CPU.Build.0 = Debug|Any CPU
		{F8FD0791-9694-49DF-B2DD-F3A483439B57}.Debug|Any CPU.Deploy.0 = Debug|Any CPU
		{F8FD0791-9694-49DF-B2DD-F3A483439B57}.Debug|iPhone.ActiveCfg = Debug|Any CPU
		{F8FD0791-9694-49DF-B2DD-F3A483439B57}.Debug|iPhone.Build.0 = Debug|Any CPU
		{F8FD0791-9694-49DF-B2DD-F3A483439B57}.Debug|iPhone.Deploy.0 = Debug|Any CPU
		{F8FD0791-9694-49DF-B2DD-F3A483439B57}.Debug|iPhoneSimulator.ActiveCfg = Debug|Any CPU
		{F8FD0791-9694-49DF-B2DD-F3A483439B57}.Debug|iPhoneSimulator.Build.0 = Debug|Any CPU
		{F8FD0791-9694-49DF-B2DD-F3A483439B57}.Debug|iPhoneSimulator.Deploy.0 = Debug|Any CPU
		{F8FD0791-9694-49DF-B2DD-F3A483439B57}.Release|Any CPU.ActiveCfg = Release|Any CPU
		{F8FD0791-9694-49DF-B2DD-F3A483439B57}.Release|Any CPU.Build.0 = Release|Any CPU
		{F8FD0791-9694-49DF-B2DD-F3A483439B57}.Release|Any CPU.Deploy.0 = Release|Any CPU
		{F8FD0791-9694-49DF-B2DD-F3A483439B57}.Release|iPhone.ActiveCfg = Release|Any CPU
		{F8FD0791-9694-49DF-B2DD-F3A483439B57}.Release|iPhone.Build.0 = Release|Any CPU
		{F8FD0791-9694-49DF-B2DD-F3A483439B57}.Release|iPhone.Deploy.0 = Release|Any CPU
		{F8FD0791-9694-49DF-B2DD-F3A483439B57}.Release|iPhoneSimulator.ActiveCfg = Release|Any CPU
		{F8FD0791-9694-49DF-B2DD-F3A483439B57}.Release|iPhoneSimulator.Build.0 = Release|Any CPU
		{F8FD0791-9694-49DF-B2DD-F3A483439B57}.Release|iPhoneSimulator.Deploy.0 = Release|Any CPU
	EndGlobalSection
	GlobalSection(SolutionProperties) = preSolution
		HideSolutionNode = FALSE
	EndGlobalSection
	GlobalSection(ExtensibilityGlobals) = postSolution
		SolutionGuid = {0742E1E4-6850-4EC5-B790-5DA464B46BBA}
	EndGlobalSection
EndGlobal
